// !$*UTF8*$!
{
	archiveVersion = 1;
	classes = {
	};
	objectVersion = 50;
	objects = {

/* Begin PBXBuildFile section */
		6156838D2450A85A00F6B1CF /* AppDelegate.swift in Sources */ = {isa = PBXBuildFile; fileRef = 6156838C2450A85A00F6B1CF /* AppDelegate.swift */; };
		6156838F2450A85A00F6B1CF /* SceneDelegate.swift in Sources */ = {isa = PBXBuildFile; fileRef = 6156838E2450A85A00F6B1CF /* SceneDelegate.swift */; };
		615683912450A85A00F6B1CF /* ViewController.swift in Sources */ = {isa = PBXBuildFile; fileRef = 615683902450A85A00F6B1CF /* ViewController.swift */; };
		615683942450A85A00F6B1CF /* Main.storyboard in Resources */ = {isa = PBXBuildFile; fileRef = 615683922450A85A00F6B1CF /* Main.storyboard */; };
		615683962450A85D00F6B1CF /* Assets.xcassets in Resources */ = {isa = PBXBuildFile; fileRef = 615683952450A85D00F6B1CF /* Assets.xcassets */; };
		615683992450A85D00F6B1CF /* LaunchScreen.storyboard in Resources */ = {isa = PBXBuildFile; fileRef = 615683972450A85D00F6B1CF /* LaunchScreen.storyboard */; };
		615683A12450AEF600F6B1CF /* NumberedViewController.swift in Sources */ = {isa = PBXBuildFile; fileRef = 615683A02450AEF600F6B1CF /* NumberedViewController.swift */; };
		615683A32450AF0600F6B1CF /* RedViewController.swift in Sources */ = {isa = PBXBuildFile; fileRef = 615683A22450AF0600F6B1CF /* RedViewController.swift */; };
		615683A62450BDDD00F6B1CF /* Colors.storyboard in Resources */ = {isa = PBXBuildFile; fileRef = 615683A42450BDDD00F6B1CF /* Colors.storyboard */; };
		615683A82450C19800F6B1CF /* Profile.storyboard in Resources */ = {isa = PBXBuildFile; fileRef = 615683A72450C19800F6B1CF /* Profile.storyboard */; };
/* End PBXBuildFile section */

/* Begin PBXFileReference section */
		615683892450A85A00F6B1CF /* Screens.app */ = {isa = PBXFileReference; explicitFileType = wrapper.application; includeInIndex = 0; path = Screens.app; sourceTree = BUILT_PRODUCTS_DIR; };
		6156838C2450A85A00F6B1CF /* AppDelegate.swift */ = {isa = PBXFileReference; lastKnownFileType = sourcecode.swift; path = AppDelegate.swift; sourceTree = "<group>"; };
		6156838E2450A85A00F6B1CF /* SceneDelegate.swift */ = {isa = PBXFileReference; lastKnownFileType = sourcecode.swift; path = SceneDelegate.swift; sourceTree = "<group>"; };
		615683902450A85A00F6B1CF /* ViewController.swift */ = {isa = PBXFileReference; lastKnownFileType = sourcecode.swift; path = ViewController.swift; sourceTree = "<group>"; };
		615683932450A85A00F6B1CF /* Base */ = {isa = PBXFileReference; lastKnownFileType = file.storyboard; name = Base; path = Base.lproj/Main.storyboard; sourceTree = "<group>"; };
		615683952450A85D00F6B1CF /* Assets.xcassets */ = {isa = PBXFileReference; lastKnownFileType = folder.assetcatalog; path = Assets.xcassets; sourceTree = "<group>"; };
		615683982450A85D00F6B1CF /* Base */ = {isa = PBXFileReference; lastKnownFileType = file.storyboard; name = Base; path = Base.lproj/LaunchScreen.storyboard; sourceTree = "<group>"; };
		6156839A2450A85D00F6B1CF /* Info.plist */ = {isa = PBXFileReference; lastKnownFileType = text.plist.xml; path = Info.plist; sourceTree = "<group>"; };
		615683A02450AEF600F6B1CF /* NumberedViewController.swift */ = {isa = PBXFileReference; lastKnownFileType = sourcecode.swift; path = NumberedViewController.swift; sourceTree = "<group>"; };
		615683A22450AF0600F6B1CF /* RedViewController.swift */ = {isa = PBXFileReference; lastKnownFileType = sourcecode.swift; path = RedViewController.swift; sourceTree = "<group>"; };
		615683A52450BDDD00F6B1CF /* Base */ = {isa = PBXFileReference; lastKnownFileType = file.storyboard; name = Base; path = Screens/Base.lproj/Colors.storyboard; sourceTree = "<group>"; };
		615683A72450C19800F6B1CF /* Profile.storyboard */ = {isa = PBXFileReference; lastKnownFileType = file.storyboard; path = Profile.storyboard; sourceTree = "<group>"; };
/* End PBXFileReference section */

/* Begin PBXFrameworksBuildPhase section */
		615683862450A85A00F6B1CF /* Frameworks */ = {
			isa = PBXFrameworksBuildPhase;
			buildActionMask = 2147483647;
			files = (
			);
			runOnlyForDeploymentPostprocessing = 0;
		};
/* End PBXFrameworksBuildPhase section */

/* Begin PBXGroup section */
		615683802450A85A00F6B1CF = {
			isa = PBXGroup;
			children = (
				6156838B2450A85A00F6B1CF /* Screens */,
				6156838A2450A85A00F6B1CF /* Products */,
			);
			sourceTree = "<group>";
		};
		6156838A2450A85A00F6B1CF /* Products */ = {
			isa = PBXGroup;
			children = (
				615683892450A85A00F6B1CF /* Screens.app */,
			);
			name = Products;
			sourceTree = "<group>";
		};
		6156838B2450A85A00F6B1CF /* Screens */ = {
			isa = PBXGroup;
			children = (
				6156838C2450A85A00F6B1CF /* AppDelegate.swift */,
				6156838E2450A85A00F6B1CF /* SceneDelegate.swift */,
				615683902450A85A00F6B1CF /* ViewController.swift */,
				615683922450A85A00F6B1CF /* Main.storyboard */,
				615683A42450BDDD00F6B1CF /* Colors.storyboard */,
				615683952450A85D00F6B1CF /* Assets.xcassets */,
				615683972450A85D00F6B1CF /* LaunchScreen.storyboard */,
				6156839A2450A85D00F6B1CF /* Info.plist */,
				615683A02450AEF600F6B1CF /* NumberedViewController.swift */,
				615683A22450AF0600F6B1CF /* RedViewController.swift */,
				615683A72450C19800F6B1CF /* Profile.storyboard */,
			);
			path = Screens;
			sourceTree = "<group>";
		};
/* End PBXGroup section */

/* Begin PBXNativeTarget section */
		615683882450A85A00F6B1CF /* Screens */ = {
			isa = PBXNativeTarget;
			buildConfigurationList = 6156839D2450A85D00F6B1CF /* Build configuration list for PBXNativeTarget "Screens" */;
			buildPhases = (
				615683852450A85A00F6B1CF /* Sources */,
				615683862450A85A00F6B1CF /* Frameworks */,
				615683872450A85A00F6B1CF /* Resources */,
			);
			buildRules = (
			);
			dependencies = (
			);
			name = Screens;
			productName = Screens;
			productReference = 615683892450A85A00F6B1CF /* Screens.app */;
			productType = "com.apple.product-type.application";
		};
/* End PBXNativeTarget section */

/* Begin PBXProject section */
		615683812450A85A00F6B1CF /* Project object */ = {
			isa = PBXProject;
			attributes = {
				LastSwiftUpdateCheck = 1140;
				LastUpgradeCheck = 1140;
				ORGANIZATIONNAME = "Kenneth Jones";
				TargetAttributes = {
					615683882450A85A00F6B1CF = {
						CreatedOnToolsVersion = 11.4.1;
					};
				};
			};
			buildConfigurationList = 615683842450A85A00F6B1CF /* Build configuration list for PBXProject "Screens" */;
			compatibilityVersion = "Xcode 9.3";
			developmentRegion = en;
			hasScannedForEncodings = 0;
			knownRegions = (
				en,
				Base,
			);
			mainGroup = 615683802450A85A00F6B1CF;
			productRefGroup = 6156838A2450A85A00F6B1CF /* Products */;
			projectDirPath = "";
			projectRoot = "";
			targets = (
				615683882450A85A00F6B1CF /* Screens */,
			);
		};
/* End PBXProject section */

/* Begin PBXResourcesBuildPhase section */
		615683872450A85A00F6B1CF /* Resources */ = {
			isa = PBXResourcesBuildPhase;
			buildActionMask = 2147483647;
			files = (
				615683992450A85D00F6B1CF /* LaunchScreen.storyboard in Resources */,
				615683962450A85D00F6B1CF /* Assets.xcassets in Resources */,
				615683A82450C19800F6B1CF /* Profile.storyboard in Resources */,
				615683A62450BDDD00F6B1CF /* Colors.storyboard in Resources */,
				615683942450A85A00F6B1CF /* Main.storyboard in Resources */,
			);
			runOnlyForDeploymentPostprocessing = 0;
		};
/* End PBXResourcesBuildPhase section */

/* Begin PBXSourcesBuildPhase section */
		615683852450A85A00F6B1CF /* Sources */ = {
			isa = PBXSourcesBuildPhase;
			buildActionMask = 2147483647;
			files = (
				615683A32450AF0600F6B1CF /* RedViewController.swift in Sources */,
				615683A12450AEF600F6B1CF /* NumberedViewController.swift in Sources */,
				615683912450A85A00F6B1CF /* ViewController.swift in Sources */,
				6156838D2450A85A00F6B1CF /* AppDelegate.swift in Sources */,
				6156838F2450A85A00F6B1CF /* SceneDelegate.swift in Sources */,
			);
			runOnlyForDeploymentPostprocessing = 0;
		};
/* End PBXSourcesBuildPhase section */

/* Begin PBXVariantGroup section */
		615683922450A85A00F6B1CF /* Main.storyboard */ = {
			isa = PBXVariantGroup;
			children = (
				615683932450A85A00F6B1CF /* Base */,
			);
			name = Main.storyboard;
			sourceTree = "<group>";
		};
		615683972450A85D00F6B1CF /* LaunchScreen.storyboard */ = {
			isa = PBXVariantGroup;
			children = (
				615683982450A85D00F6B1CF /* Base */,
			);
			name = LaunchScreen.storyboard;
			sourceTree = "<group>";
		};
		615683A42450BDDD00F6B1CF /* Colors.storyboard */ = {
			isa = PBXVariantGroup;
			children = (
				615683A52450BDDD00F6B1CF /* Base */,
			);
			name = Colors.storyboard;
			sourceTree = "<group>";
		};
/* End PBXVariantGroup section */

/* Begin XCBuildConfiguration section */
		6156839B2450A85D00F6B1CF /* Debug */ = {
			isa = XCBuildConfiguration;
			buildSettings = {
				ALWAYS_SEARCH_USER_PATHS = NO;
				CLANG_ANALYZER_NONNULL = YES;
				CLANG_ANALYZER_NUMBER_OBJECT_CONVERSION = YES_AGGRESSIVE;
				CLANG_CXX_LANGUAGE_STANDARD = "gnu++14";
				CLANG_CXX_LIBRARY = "libc++";
				CLANG_ENABLE_MODULES = YES;
				CLANG_ENABLE_OBJC_ARC = YES;
				CLANG_ENABLE_OBJC_WEAK = YES;
				CLANG_WARN_BLOCK_CAPTURE_AUTORELEASING = YES;
				CLANG_WARN_BOOL_CONVERSION = YES;
				CLANG_WARN_COMMA = YES;
				CLANG_WARN_CONSTANT_CONVERSION = YES;
				CLANG_WARN_DEPRECATED_OBJC_IMPLEMENTATIONS = YES;
				CLANG_WARN_DIRECT_OBJC_ISA_USAGE = YES_ERROR;
				CLANG_WARN_DOCUMENTATION_COMMENTS = YES;
				CLANG_WARN_EMPTY_BODY = YES;
				CLANG_WARN_ENUM_CONVERSION = YES;
				CLANG_WARN_INFINITE_RECURSION = YES;
				CLANG_WARN_INT_CONVERSION = YES;
				CLANG_WARN_NON_LITERAL_NULL_CONVERSION = YES;
				CLANG_WARN_OBJC_IMPLICIT_RETAIN_SELF = YES;
				CLANG_WARN_OBJC_LITERAL_CONVERSION = YES;
				CLANG_WARN_OBJC_ROOT_CLASS = YES_ERROR;
				CLANG_WARN_RANGE_LOOP_ANALYSIS = YES;
				CLANG_WARN_STRICT_PROTOTYPES = YES;
				CLANG_WARN_SUSPICIOUS_MOVE = YES;
				CLANG_WARN_UNGUARDED_AVAILABILITY = YES_AGGRESSIVE;
				CLANG_WARN_UNREACHABLE_CODE = YES;
				CLANG_WARN__DUPLICATE_METHOD_MATCH = YES;
				COPY_PHASE_STRIP = NO;
				DEBUG_INFORMATION_FORMAT = dwarf;
				ENABLE_STRICT_OBJC_MSGSEND = YES;
				ENABLE_TESTABILITY = YES;
				GCC_C_LANGUAGE_STANDARD = gnu11;
				GCC_DYNAMIC_NO_PIC = NO;
				GCC_NO_COMMON_BLOCKS = YES;
				GCC_OPTIMIZATION_LEVEL = 0;
				GCC_PREPROCESSOR_DEFINITIONS = (
					"DEBUG=1",
					"$(inherited)",
				);
				GCC_WARN_64_TO_32_BIT_CONVERSION = YES;
				GCC_WARN_ABOUT_RETURN_TYPE = YES_ERROR;
				GCC_WARN_UNDECLARED_SELECTOR = YES;
				GCC_WARN_UNINITIALIZED_AUTOS = YES_AGGRESSIVE;
				GCC_WARN_UNUSED_FUNCTION = YES;
				GCC_WARN_UNUSED_VARIABLE = YES;
				IPHONEOS_DEPLOYMENT_TARGET = 13.4;
				MTL_ENABLE_DEBUG_INFO = INCLUDE_SOURCE;
				MTL_FAST_MATH = YES;
				ONLY_ACTIVE_ARCH = YES;
				SDKROOT = iphoneos;
				SWIFT_ACTIVE_COMPILATION_CONDITIONS = DEBUG;
				SWIFT_OPTIMIZATION_LEVEL = "-Onone";
			};
			name = Debug;
		};
		6156839C2450A85D00F6B1CF /* Release */ = {
			isa = XCBuildConfiguration;
			buildSettings = {
				ALWAYS_SEARCH_USER_PATHS = NO;
				CLANG_ANALYZER_NONNULL = YES;
				CLANG_ANALYZER_NUMBER_OBJECT_CONVERSION = YES_AGGRESSIVE;
				CLANG_CXX_LANGUAGE_STANDARD = "gnu++14";
				CLANG_CXX_LIBRARY = "libc++";
				CLANG_ENABLE_MODULES = YES;
				CLANG_ENABLE_OBJC_ARC = YES;
				CLANG_ENABLE_OBJC_WEAK = YES;
				CLANG_WARN_BLOCK_CAPTURE_AUTORELEASING = YES;
				CLANG_WARN_BOOL_CONVERSION = YES;
				CLANG_WARN_COMMA = YES;
				CLANG_WARN_CONSTANT_CONVERSION = YES;
				CLANG_WARN_DEPRECATED_OBJC_IMPLEMENTATIONS = YES;
				CLANG_WARN_DIRECT_OBJC_ISA_USAGE = YES_ERROR;
				CLANG_WARN_DOCUMENTATION_COMMENTS = YES;
				CLANG_WARN_EMPTY_BODY = YES;
				CLANG_WARN_ENUM_CONVERSION = YES;
				CLANG_WARN_INFINITE_RECURSION = YES;
				CLANG_WARN_INT_CONVERSION = YES;
				CLANG_WARN_NON_LITERAL_NULL_CONVERSION = YES;
				CLANG_WARN_OBJC_IMPLICIT_RETAIN_SELF = YES;
				CLANG_WARN_OBJC_LITERAL_CONVERSION = YES;
				CLANG_WARN_OBJC_ROOT_CLASS = YES_ERROR;
				CLANG_WARN_RANGE_LOOP_ANALYSIS = YES;
				CLANG_WARN_STRICT_PROTOTYPES = YES;
				CLANG_WARN_SUSPICIOUS_MOVE = YES;
				CLANG_WARN_UNGUARDED_AVAILABILITY = YES_AGGRESSIVE;
				CLANG_WARN_UNREACHABLE_CODE = YES;
				CLANG_WARN__DUPLICATE_METHOD_MATCH = YES;
				COPY_PHASE_STRIP = NO;
				DEBUG_INFORMATION_FORMAT = "dwarf-with-dsym";
				ENABLE_NS_ASSERTIONS = NO;
				ENABLE_STRICT_OBJC_MSGSEND = YES;
				GCC_C_LANGUAGE_STANDARD = gnu11;
				GCC_NO_COMMON_BLOCKS = YES;
				GCC_WARN_64_TO_32_BIT_CONVERSION = YES;
				GCC_WARN_ABOUT_RETURN_TYPE = YES_ERROR;
				GCC_WARN_UNDECLARED_SELECTOR = YES;
				GCC_WARN_UNINITIALIZED_AUTOS = YES_AGGRESSIVE;
				GCC_WARN_UNUSED_FUNCTION = YES;
				GCC_WARN_UNUSED_VARIABLE = YES;
				IPHONEOS_DEPLOYMENT_TARGET = 13.4;
				MTL_ENABLE_DEBUG_INFO = NO;
				MTL_FAST_MATH = YES;
				SDKROOT = iphoneos;
				SWIFT_COMPILATION_MODE = wholemodule;
				SWIFT_OPTIMIZATION_LEVEL = "-O";
				VALIDATE_PRODUCT = YES;
			};
			name = Release;
		};
		6156839E2450A85D00F6B1CF /* Debug */ = {
			isa = XCBuildConfiguration;
			buildSettings = {
				ASSETCATALOG_COMPILER_APPICON_NAME = AppIcon;
				CODE_SIGN_STYLE = Automatic;
				DEVELOPMENT_TEAM = 5Z7LY99W88;
				INFOPLIST_FILE = Screens/Info.plist;
				LD_RUNPATH_SEARCH_PATHS = (
					"$(inherited)",
					"@executable_path/Frameworks",
				);
				PRODUCT_BUNDLE_IDENTIFIER = com.omihek.Screens;
				PRODUCT_NAME = "$(TARGET_NAME)";
				SWIFT_VERSION = 5.0;
				TARGETED_DEVICE_FAMILY = "1,2";
			};
			name = Debug;
		};
		6156839F2450A85D00F6B1CF /* Release */ = {
			isa = XCBuildConfiguration;
			buildSettings = {
				ASSETCATALOG_COMPILER_APPICON_NAME = AppIcon;
				CODE_SIGN_STYLE = Automatic;
				DEVELOPMENT_TEAM = 5Z7LY99W88;
				INFOPLIST_FILE = Screens/Info.plist;
				LD_RUNPATH_SEARCH_PATHS = (
					"$(inherited)",
					"@executable_path/Frameworks",
				);
				PRODUCT_BUNDLE_IDENTIFIER = com.omihek.Screens;
				PRODUCT_NAME = "$(TARGET_NAME)";
				SWIFT_VERSION = 5.0;
				TARGETED_DEVICE_FAMILY = "1,2";
			};
			name = Release;
		};
/* End XCBuildConfiguration section */

/* Begin XCConfigurationList section */
		615683842450A85A00F6B1CF /* Build configuration list for PBXProject "Screens" */ = {
			isa = XCConfigurationList;
			buildConfigurations = (
				6156839B2450A85D00F6B1CF /* Debug */,
				6156839C2450A85D00F6B1CF /* Release */,
			);
			defaultConfigurationIsVisible = 0;
			defaultConfigurationName = Release;
		};
		6156839D2450A85D00F6B1CF /* Build configuration list for PBXNativeTarget "Screens" */ = {
			isa = XCConfigurationList;
			buildConfigurations = (
				6156839E2450A85D00F6B1CF /* Debug */,
				6156839F2450A85D00F6B1CF /* Release */,
			);
			defaultConfigurationIsVisible = 0;
			defaultConfigurationName = Release;
		};
/* End XCConfigurationList section */
	};
	rootObject = 615683812450A85A00F6B1CF /* Project object */;
}
